// !$*UTF8*$!
{
	archiveVersion = 1;
	classes = {
	};
	objectVersion = 55;
	objects = {

/* Begin PBXBuildFile section */
		B5163F16277E0D8C00FEA975 /* Reminders_ImprovedApp.swift in Sources */ = {isa = PBXBuildFile; fileRef = B5163F15277E0D8C00FEA975 /* Reminders_ImprovedApp.swift */; };
		B5163F1A277E0D8D00FEA975 /* Assets.xcassets in Resources */ = {isa = PBXBuildFile; fileRef = B5163F19277E0D8D00FEA975 /* Assets.xcassets */; };
		B5163F1D277E0D8D00FEA975 /* Preview Assets.xcassets in Resources */ = {isa = PBXBuildFile; fileRef = B5163F1C277E0D8D00FEA975 /* Preview Assets.xcassets */; };
		B5163F25277E7E9D00FEA975 /* ListView.swift in Sources */ = {isa = PBXBuildFile; fileRef = B5163F24277E7E9D00FEA975 /* ListView.swift */; };
		B5163F27277E804F00FEA975 /* ListRowView.swift in Sources */ = {isa = PBXBuildFile; fileRef = B5163F26277E804F00FEA975 /* ListRowView.swift */; };
		B57D1DAC277E849D00863F21 /* AddView.swift in Sources */ = {isa = PBXBuildFile; fileRef = B57D1DAB277E849D00863F21 /* AddView.swift */; };
		B57D1DAF277E8A8100863F21 /* ItemModel.swift in Sources */ = {isa = PBXBuildFile; fileRef = B57D1DAE277E8A8100863F21 /* ItemModel.swift */; };
		B57D1DB2277E934400863F21 /* ListViewModel.swift in Sources */ = {isa = PBXBuildFile; fileRef = B57D1DB1277E934400863F21 /* ListViewModel.swift */; };
		B5B11C60277EA2D80025F818 /* NoItemsView.swift in Sources */ = {isa = PBXBuildFile; fileRef = B5B11C5F277EA2D80025F818 /* NoItemsView.swift */; };
/* End PBXBuildFile section */

/* Begin PBXFileReference section */
		B5163F12277E0D8C00FEA975 /* Reminders Improved.app */ = {isa = PBXFileReference; explicitFileType = wrapper.application; includeInIndex = 0; path = "Reminders Improved.app"; sourceTree = BUILT_PRODUCTS_DIR; };
		B5163F15277E0D8C00FEA975 /* Reminders_ImprovedApp.swift */ = {isa = PBXFileReference; lastKnownFileType = sourcecode.swift; path = Reminders_ImprovedApp.swift; sourceTree = "<group>"; };
		B5163F19277E0D8D00FEA975 /* Assets.xcassets */ = {isa = PBXFileReference; lastKnownFileType = folder.assetcatalog; path = Assets.xcassets; sourceTree = "<group>"; };
		B5163F1C277E0D8D00FEA975 /* Preview Assets.xcassets */ = {isa = PBXFileReference; lastKnownFileType = folder.assetcatalog; path = "Preview Assets.xcassets"; sourceTree = "<group>"; };
		B5163F24277E7E9D00FEA975 /* ListView.swift */ = {isa = PBXFileReference; lastKnownFileType = sourcecode.swift; path = ListView.swift; sourceTree = "<group>"; };
		B5163F26277E804F00FEA975 /* ListRowView.swift */ = {isa = PBXFileReference; lastKnownFileType = sourcecode.swift; path = ListRowView.swift; sourceTree = "<group>"; };
		B57D1DAB277E849D00863F21 /* AddView.swift */ = {isa = PBXFileReference; lastKnownFileType = sourcecode.swift; path = AddView.swift; sourceTree = "<group>"; };
		B57D1DAE277E8A8100863F21 /* ItemModel.swift */ = {isa = PBXFileReference; lastKnownFileType = sourcecode.swift; path = ItemModel.swift; sourceTree = "<group>"; };
		B57D1DB1277E934400863F21 /* ListViewModel.swift */ = {isa = PBXFileReference; lastKnownFileType = sourcecode.swift; path = ListViewModel.swift; sourceTree = "<group>"; };
		B5B11C5F277EA2D80025F818 /* NoItemsView.swift */ = {isa = PBXFileReference; lastKnownFileType = sourcecode.swift; path = NoItemsView.swift; sourceTree = "<group>"; };
/* End PBXFileReference section */

/* Begin PBXFrameworksBuildPhase section */
		B5163F0F277E0D8C00FEA975 /* Frameworks */ = {
			isa = PBXFrameworksBuildPhase;
			buildActionMask = 2147483647;
			files = (
			);
			runOnlyForDeploymentPostprocessing = 0;
		};
/* End PBXFrameworksBuildPhase section */

/* Begin PBXGroup section */
		B5163F09277E0D8C00FEA975 = {
			isa = PBXGroup;
			children = (
				B5163F14277E0D8C00FEA975 /* Reminders Improved */,
				B5163F13277E0D8C00FEA975 /* Products */,
			);
			sourceTree = "<group>";
		};
		B5163F13277E0D8C00FEA975 /* Products */ = {
			isa = PBXGroup;
			children = (
				B5163F12277E0D8C00FEA975 /* Reminders Improved.app */,
			);
			name = Products;
			sourceTree = "<group>";
		};
		B5163F14277E0D8C00FEA975 /* Reminders Improved */ = {
			isa = PBXGroup;
			children = (
				B5163F15277E0D8C00FEA975 /* Reminders_ImprovedApp.swift */,
				B57D1DAD277E8A5F00863F21 /* Models */,
				B57D1DB0277E932300863F21 /* ViewModels */,
				B5163F23277E7E7E00FEA975 /* Views */,
				B5163F19277E0D8D00FEA975 /* Assets.xcassets */,
				B5163F1B277E0D8D00FEA975 /* Preview Content */,
			);
			path = "Reminders Improved";
			sourceTree = "<group>";
		};
		B5163F1B277E0D8D00FEA975 /* Preview Content */ = {
			isa = PBXGroup;
			children = (
				B5163F1C277E0D8D00FEA975 /* Preview Assets.xcassets */,
			);
			path = "Preview Content";
			sourceTree = "<group>";
		};
		B5163F23277E7E7E00FEA975 /* Views */ = {
			isa = PBXGroup;
			children = (
				B5163F24277E7E9D00FEA975 /* ListView.swift */,
				B5163F26277E804F00FEA975 /* ListRowView.swift */,
				B57D1DAB277E849D00863F21 /* AddView.swift */,
				B5B11C5F277EA2D80025F818 /* NoItemsView.swift */,
			);
			path = Views;
			sourceTree = "<group>";
		};
		B57D1DAD277E8A5F00863F21 /* Models */ = {
			isa = PBXGroup;
			children = (
				B57D1DAE277E8A8100863F21 /* ItemModel.swift */,
			);
			path = Models;
			sourceTree = "<group>";
		};
		B57D1DB0277E932300863F21 /* ViewModels */ = {
			isa = PBXGroup;
			children = (
				B57D1DB1277E934400863F21 /* ListViewModel.swift */,
			);
			path = ViewModels;
			sourceTree = "<group>";
		};
/* End PBXGroup section */

/* Begin PBXNativeTarget section */
		B5163F11277E0D8C00FEA975 /* Reminders Improved */ = {
			isa = PBXNativeTarget;
			buildConfigurationList = B5163F20277E0D8D00FEA975 /* Build configuration list for PBXNativeTarget "Reminders Improved" */;
			buildPhases = (
				B5163F0E277E0D8C00FEA975 /* Sources */,
				B5163F0F277E0D8C00FEA975 /* Frameworks */,
				B5163F10277E0D8C00FEA975 /* Resources */,
			);
			buildRules = (
			);
			dependencies = (
			);
			name = "Reminders Improved";
			productName = "Reminders Improved";
			productReference = B5163F12277E0D8C00FEA975 /* Reminders Improved.app */;
			productType = "com.apple.product-type.application";
		};
/* End PBXNativeTarget section */

/* Begin PBXProject section */
		B5163F0A277E0D8C00FEA975 /* Project object */ = {
			isa = PBXProject;
			attributes = {
				BuildIndependentTargetsInParallel = 1;
				LastSwiftUpdateCheck = 1320;
				LastUpgradeCheck = 1320;
				TargetAttributes = {
					B5163F11277E0D8C00FEA975 = {
						CreatedOnToolsVersion = 13.2.1;
					};
				};
			};
			buildConfigurationList = B5163F0D277E0D8C00FEA975 /* Build configuration list for PBXProject "Reminders Improved" */;
			compatibilityVersion = "Xcode 13.0";
			developmentRegion = en;
			hasScannedForEncodings = 0;
			knownRegions = (
				en,
				Base,
			);
			mainGroup = B5163F09277E0D8C00FEA975;
			productRefGroup = B5163F13277E0D8C00FEA975 /* Products */;
			projectDirPath = "";
			projectRoot = "";
			targets = (
				B5163F11277E0D8C00FEA975 /* Reminders Improved */,
			);
		};
/* End PBXProject section */

/* Begin PBXResourcesBuildPhase section */
		B5163F10277E0D8C00FEA975 /* Resources */ = {
			isa = PBXResourcesBuildPhase;
			buildActionMask = 2147483647;
			files = (
				B5163F1D277E0D8D00FEA975 /* Preview Assets.xcassets in Resources */,
				B5163F1A277E0D8D00FEA975 /* Assets.xcassets in Resources */,
			);
			runOnlyForDeploymentPostprocessing = 0;
		};
/* End PBXResourcesBuildPhase section */

/* Begin PBXSourcesBuildPhase section */
		B5163F0E277E0D8C00FEA975 /* Sources */ = {
			isa = PBXSourcesBuildPhase;
			buildActionMask = 2147483647;
			files = (
				B57D1DAF277E8A8100863F21 /* ItemModel.swift in Sources */,
				B5163F16277E0D8C00FEA975 /* Reminders_ImprovedApp.swift in Sources */,
				B57D1DB2277E934400863F21 /* ListViewModel.swift in Sources */,
				B57D1DAC277E849D00863F21 /* AddView.swift in Sources */,
				B5163F25277E7E9D00FEA975 /* ListView.swift in Sources */,
				B5B11C60277EA2D80025F818 /* NoItemsView.swift in Sources */,
				B5163F27277E804F00FEA975 /* ListRowView.swift in Sources */,
			);
			runOnlyForDeploymentPostprocessing = 0;
		};
/* End PBXSourcesBuildPhase section */

/* Begin XCBuildConfiguration section */
		B5163F1E277E0D8D00FEA975 /* Debug */ = {
			isa = XCBuildConfiguration;
			buildSettings = {
				ALWAYS_SEARCH_USER_PATHS = NO;
				CLANG_ANALYZER_NONNULL = YES;
				CLANG_ANALYZER_NUMBER_OBJECT_CONVERSION = YES_AGGRESSIVE;
				CLANG_CXX_LANGUAGE_STANDARD = "gnu++17";
				CLANG_CXX_LIBRARY = "libc++";
				CLANG_ENABLE_MODULES = YES;
				CLANG_ENABLE_OBJC_ARC = YES;
				CLANG_ENABLE_OBJC_WEAK = YES;
				CLANG_WARN_BLOCK_CAPTURE_AUTORELEASING = YES;
				CLANG_WARN_BOOL_CONVERSION = YES;
				CLANG_WARN_COMMA = YES;
				CLANG_WARN_CONSTANT_CONVERSION = YES;
				CLANG_WARN_DEPRECATED_OBJC_IMPLEMENTATIONS = YES;
				CLANG_WARN_DIRECT_OBJC_ISA_USAGE = YES_ERROR;
				CLANG_WARN_DOCUMENTATION_COMMENTS = YES;
				CLANG_WARN_EMPTY_BODY = YES;
				CLANG_WARN_ENUM_CONVERSION = YES;
				CLANG_WARN_INFINITE_RECURSION = YES;
				CLANG_WARN_INT_CONVERSION = YES;
				CLANG_WARN_NON_LITERAL_NULL_CONVERSION = YES;
				CLANG_WARN_OBJC_IMPLICIT_RETAIN_SELF = YES;
				CLANG_WARN_OBJC_LITERAL_CONVERSION = YES;
				CLANG_WARN_OBJC_ROOT_CLASS = YES_ERROR;
				CLANG_WARN_QUOTED_INCLUDE_IN_FRAMEWORK_HEADER = YES;
				CLANG_WARN_RANGE_LOOP_ANALYSIS = YES;
				CLANG_WARN_STRICT_PROTOTYPES = YES;
				CLANG_WARN_SUSPICIOUS_MOVE = YES;
				CLANG_WARN_UNGUARDED_AVAILABILITY = YES_AGGRESSIVE;
				CLANG_WARN_UNREACHABLE_CODE = YES;
				CLANG_WARN__DUPLICATE_METHOD_MATCH = YES;
				COPY_PHASE_STRIP = NO;
				DEBUG_INFORMATION_FORMAT = dwarf;
				ENABLE_STRICT_OBJC_MSGSEND = YES;
				ENABLE_TESTABILITY = YES;
				GCC_C_LANGUAGE_STANDARD = gnu11;
				GCC_DYNAMIC_NO_PIC = NO;
				GCC_NO_COMMON_BLOCKS = YES;
				GCC_OPTIMIZATION_LEVEL = 0;
				GCC_PREPROCESSOR_DEFINITIONS = (
					"DEBUG=1",
					"$(inherited)",
				);
				GCC_WARN_64_TO_32_BIT_CONVERSION = YES;
				GCC_WARN_ABOUT_RETURN_TYPE = YES_ERROR;
				GCC_WARN_UNDECLARED_SELECTOR = YES;
				GCC_WARN_UNINITIALIZED_AUTOS = YES_AGGRESSIVE;
				GCC_WARN_UNUSED_FUNCTION = YES;
				GCC_WARN_UNUSED_VARIABLE = YES;
				IPHONEOS_DEPLOYMENT_TARGET = 15.2;
				MTL_ENABLE_DEBUG_INFO = INCLUDE_SOURCE;
				MTL_FAST_MATH = YES;
				ONLY_ACTIVE_ARCH = YES;
				SDKROOT = iphoneos;
				SWIFT_ACTIVE_COMPILATION_CONDITIONS = DEBUG;
				SWIFT_OPTIMIZATION_LEVEL = "-Onone";
			};
			name = Debug;
		};
		B5163F1F277E0D8D00FEA975 /* Release */ = {
			isa = XCBuildConfiguration;
			buildSettings = {
				ALWAYS_SEARCH_USER_PATHS = NO;
				CLANG_ANALYZER_NONNULL = YES;
				CLANG_ANALYZER_NUMBER_OBJECT_CONVERSION = YES_AGGRESSIVE;
				CLANG_CXX_LANGUAGE_STANDARD = "gnu++17";
				CLANG_CXX_LIBRARY = "libc++";
				CLANG_ENABLE_MODULES = YES;
				CLANG_ENABLE_OBJC_ARC = YES;
				CLANG_ENABLE_OBJC_WEAK = YES;
				CLANG_WARN_BLOCK_CAPTURE_AUTORELEASING = YES;
				CLANG_WARN_BOOL_CONVERSION = YES;
				CLANG_WARN_COMMA = YES;
				CLANG_WARN_CONSTANT_CONVERSION = YES;
				CLANG_WARN_DEPRECATED_OBJC_IMPLEMENTATIONS = YES;
				CLANG_WARN_DIRECT_OBJC_ISA_USAGE = YES_ERROR;
				CLANG_WARN_DOCUMENTATION_COMMENTS = YES;
				CLANG_WARN_EMPTY_BODY = YES;
				CLANG_WARN_ENUM_CONVERSION = YES;
				CLANG_WARN_INFINITE_RECURSION = YES;
				CLANG_WARN_INT_CONVERSION = YES;
				CLANG_WARN_NON_LITERAL_NULL_CONVERSION = YES;
				CLANG_WARN_OBJC_IMPLICIT_RETAIN_SELF = YES;
				CLANG_WARN_OBJC_LITERAL_CONVERSION = YES;
				CLANG_WARN_OBJC_ROOT_CLASS = YES_ERROR;
				CLANG_WARN_QUOTED_INCLUDE_IN_FRAMEWORK_HEADER = YES;
				CLANG_WARN_RANGE_LOOP_ANALYSIS = YES;
				CLANG_WARN_STRICT_PROTOTYPES = YES;
				CLANG_WARN_SUSPICIOUS_MOVE = YES;
				CLANG_WARN_UNGUARDED_AVAILABILITY = YES_AGGRESSIVE;
				CLANG_WARN_UNREACHABLE_CODE = YES;
				CLANG_WARN__DUPLICATE_METHOD_MATCH = YES;
				COPY_PHASE_STRIP = NO;
				DEBUG_INFORMATION_FORMAT = "dwarf-with-dsym";
				ENABLE_NS_ASSERTIONS = NO;
				ENABLE_STRICT_OBJC_MSGSEND = YES;
				GCC_C_LANGUAGE_STANDARD = gnu11;
				GCC_NO_COMMON_BLOCKS = YES;
				GCC_WARN_64_TO_32_BIT_CONVERSION = YES;
				GCC_WARN_ABOUT_RETURN_TYPE = YES_ERROR;
				GCC_WARN_UNDECLARED_SELECTOR = YES;
				GCC_WARN_UNINITIALIZED_AUTOS = YES_AGGRESSIVE;
				GCC_WARN_UNUSED_FUNCTION = YES;
				GCC_WARN_UNUSED_VARIABLE = YES;
				IPHONEOS_DEPLOYMENT_TARGET = 15.2;
				MTL_ENABLE_DEBUG_INFO = NO;
				MTL_FAST_MATH = YES;
				SDKROOT = iphoneos;
				SWIFT_COMPILATION_MODE = wholemodule;
				SWIFT_OPTIMIZATION_LEVEL = "-O";
				VALIDATE_PRODUCT = YES;
			};
			name = Release;
		};
		B5163F21277E0D8D00FEA975 /* Debug */ = {
			isa = XCBuildConfiguration;
			buildSettings = {
				ASSETCATALOG_COMPILER_APPICON_NAME = AppIcon;
				ASSETCATALOG_COMPILER_GLOBAL_ACCENT_COLOR_NAME = AccentColor;
				CODE_SIGN_STYLE = Automatic;
				CURRENT_PROJECT_VERSION = 1;
				DEVELOPMENT_ASSET_PATHS = "\"Reminders Improved/Preview Content\"";
				DEVELOPMENT_TEAM = HV69QD4SV2;
				ENABLE_PREVIEWS = YES;
				GENERATE_INFOPLIST_FILE = YES;
				INFOPLIST_KEY_UIApplicationSceneManifest_Generation = YES;
				INFOPLIST_KEY_UIApplicationSupportsIndirectInputEvents = YES;
				INFOPLIST_KEY_UILaunchScreen_Generation = YES;
				INFOPLIST_KEY_UISupportedInterfaceOrientations_iPad = "UIInterfaceOrientationPortrait UIInterfaceOrientationPortraitUpsideDown UIInterfaceOrientationLandscapeLeft UIInterfaceOrientationLandscapeRight";
				INFOPLIST_KEY_UISupportedInterfaceOrientations_iPhone = "UIInterfaceOrientationPortrait UIInterfaceOrientationLandscapeLeft UIInterfaceOrientationLandscapeRight";
				LD_RUNPATH_SEARCH_PATHS = (
					"$(inherited)",
					"@executable_path/Frameworks",
				);
				MARKETING_VERSION = 1.0;
				PRODUCT_BUNDLE_IDENTIFIER = "Carson-Gross.Reminders-Improved";
				PRODUCT_NAME = "$(TARGET_NAME)";
				SWIFT_EMIT_LOC_STRINGS = YES;
				SWIFT_VERSION = 5.0;
				TARGETED_DEVICE_FAMILY = "1,2";
			};
			name = Debug;
		};
		B5163F22277E0D8D00FEA975 /* Release */ = {
			isa = XCBuildConfiguration;
			buildSettings = {
				ASSETCATALOG_COMPILER_APPICON_NAME = AppIcon;
				ASSETCATALOG_COMPILER_GLOBAL_ACCENT_COLOR_NAME = AccentColor;
				CODE_SIGN_STYLE = Automatic;
				CURRENT_PROJECT_VERSION = 1;
				DEVELOPMENT_ASSET_PATHS = "\"Reminders Improved/Preview Content\"";
				DEVELOPMENT_TEAM = HV69QD4SV2;
				ENABLE_PREVIEWS = YES;
				GENERATE_INFOPLIST_FILE = YES;
				INFOPLIST_KEY_UIApplicationSceneManifest_Generation = YES;
				INFOPLIST_KEY_UIApplicationSupportsIndirectInputEvents = YES;
				INFOPLIST_KEY_UILaunchScreen_Generation = YES;
				INFOPLIST_KEY_UISupportedInterfaceOrientations_iPad = "UIInterfaceOrientationPortrait UIInterfaceOrientationPortraitUpsideDown UIInterfaceOrientationLandscapeLeft UIInterfaceOrientationLandscapeRight";
				INFOPLIST_KEY_UISupportedInterfaceOrientations_iPhone = "UIInterfaceOrientationPortrait UIInterfaceOrientationLandscapeLeft UIInterfaceOrientationLandscapeRight";
				LD_RUNPATH_SEARCH_PATHS = (
					"$(inherited)",
					"@executable_path/Frameworks",
				);
				MARKETING_VERSION = 1.0;
				PRODUCT_BUNDLE_IDENTIFIER = "Carson-Gross.Reminders-Improved";
				PRODUCT_NAME = "$(TARGET_NAME)";
				SWIFT_EMIT_LOC_STRINGS = YES;
				SWIFT_VERSION = 5.0;
				TARGETED_DEVICE_FAMILY = "1,2";
			};
			name = Release;
		};
/* End XCBuildConfiguration section */

/* Begin XCConfigurationList section */
		B5163F0D277E0D8C00FEA975 /* Build configuration list for PBXProject "Reminders Improved" */ = {
			isa = XCConfigurationList;
			buildConfigurations = (
				B5163F1E277E0D8D00FEA975 /* Debug */,
				B5163F1F277E0D8D00FEA975 /* Release */,
			);
			defaultConfigurationIsVisible = 0;
			defaultConfigurationName = Release;
		};
		B5163F20277E0D8D00FEA975 /* Build configuration list for PBXNativeTarget "Reminders Improved" */ = {
			isa = XCConfigurationList;
			buildConfigurations = (
				B5163F21277E0D8D00FEA975 /* Debug */,
				B5163F22277E0D8D00FEA975 /* Release */,
			);
			defaultConfigurationIsVisible = 0;
			defaultConfigurationName = Release;
		};
/* End XCConfigurationList section */
	};
	rootObject = B5163F0A277E0D8C00FEA975 /* Project object */;
}
